
Microsoft Visual Studio Solution File, Format Version 12.00
# Visual Studio 15
Project("{FAE04EC0-301F-11D3-BF4B-00C04F79EFBC}") = "Assembly-CSharp", "Assembly-CSharp.csproj", "{668DF840-E113-D7DC-036F-953EBEC61EDC}"
EndProject
Project("{FAE04EC0-301F-11D3-BF4B-00C04F79EFBC}") = "Assembly-CSharp-Editor", "Assembly-CSharp-Editor.csproj", "{71C690E2-D5F2-6CF2-3DB9-9C6EB53733C0}"
EndProject
Global
	GlobalSection(SolutionConfigurationPlatforms) = preSolution
		Debug|Any CPU = Debug|Any CPU
		Release|Any CPU = Release|Any CPU
	EndGlobalSection
	GlobalSection(ProjectConfigurationPlatforms) = postSolution
		{668DF840-E113-D7DC-036F-953EBEC61EDC}.Debug|Any CPU.ActiveCfg = Debug|Any CPU
		{668DF840-E113-D7DC-036F-953EBEC61EDC}.Debug|Any CPU.Build.0 = Debug|Any CPU
		{668DF840-E113-D7DC-036F-953EBEC61EDC}.Release|Any CPU.ActiveCfg = Release|Any CPU
		{668DF840-E113-D7DC-036F-953EBEC61EDC}.Release|Any CPU.Build.0 = Release|Any CPU
		{71C690E2-D5F2-6CF2-3DB9-9C6EB53733C0}.Debug|Any CPU.ActiveCfg = Debug|Any CPU
		{71C690E2-D5F2-6CF2-3DB9-9C6EB53733C0}.Debug|Any CPU.Build.0 = Debug|Any CPU
		{71C690E2-D5F2-6CF2-3DB9-9C6EB53733C0}.Release|Any CPU.ActiveCfg = Release|Any CPU
		{71C690E2-D5F2-6CF2-3DB9-9C6EB53733C0}.Release|Any CPU.Build.0 = Release|Any CPU
	EndGlobalSection
	GlobalSection(SolutionProperties) = preSolution
		HideSolutionNode = FALSE
	EndGlobalSection
EndGlobal
